{
  "version": 4,
  "terraform_version": "0.14.5",
  "serial": 6,
  "lineage": "f4c6b96c-78e6-5055-427d-ca8c8f0ce7ad",
  "outputs": {
    "kv_id": {
      "value": "/subscriptions/2bbaa079-836f-4dfd-8368-31ced5ba8be3/resourceGroups/kv_rbac_terraform_rg/providers/Microsoft.KeyVault/vaults/demokv01095",
      "type": "string"
    },
    "secret_id": {
      "value": "https://demokv01095.vault.azure.net/secrets/DatabasePassword/33afdb53b78749f2ab5594b624e021cf",
      "type": "string"
    },
    "vault_uri": {
      "value": "https://demokv01095.vault.azure.net/",
      "type": "string"
    }
  },
  "resources": [
    {
      "mode": "data",
      "type": "azurerm_client_config",
      "name": "current",
      "provider": "provider[\"registry.terraform.io/hashicorp/azurerm\"]",
      "instances": [
        {
          "schema_version": 0,
          "attributes": {
            "client_id": "04b07795-8ddb-461a-bbee-02f9e1bf7b46",
            "id": "2021-05-02 15:49:23.723437 +0000 UTC",
            "object_id": "03e078fe-82ec-416f-87df-adf1570dcab5",
            "subscription_id": "2bbaa079-836f-4dfd-8368-31ced5ba8be3",
            "tenant_id": "e460de09-225a-45b2-b20f-afd5089fdc3a",
            "timeouts": null
          },
          "sensitive_attributes": []
        }
      ]
    },
    {
      "mode": "managed",
      "type": "azurerm_key_vault",
      "name": "keyvault",
      "provider": "provider[\"registry.terraform.io/hashicorp/azurerm\"]",
      "instances": [
        {
          "schema_version": 2,
          "attributes": {
            "access_policy": [],
            "contact": [],
            "enable_rbac_authorization": true,
            "enabled_for_deployment": false,
            "enabled_for_disk_encryption": false,
            "enabled_for_template_deployment": false,
            "id": "/subscriptions/2bbaa079-836f-4dfd-8368-31ced5ba8be3/resourceGroups/kv_rbac_terraform_rg/providers/Microsoft.KeyVault/vaults/demokv01095",
            "location": "westeurope",
            "name": "demokv01095",
            "network_acls": [
              {
                "bypass": "AzureServices",
                "default_action": "Allow",
                "ip_rules": [],
                "virtual_network_subnet_ids": []
              }
            ],
            "purge_protection_enabled": false,
            "resource_group_name": "kv_rbac_terraform_rg",
            "sku_name": "standard",
            "soft_delete_enabled": true,
            "soft_delete_retention_days": 7,
            "tags": null,
            "tenant_id": "e460de09-225a-45b2-b20f-afd5089fdc3a",
            "timeouts": null,
            "vault_uri": "https://demokv01095.vault.azure.net/"
          },
          "sensitive_attributes": [],
          "private": "eyJlMmJmYjczMC1lY2FhLTExZTYtOGY4OC0zNDM2M2JjN2M0YzAiOnsiY3JlYXRlIjoxODAwMDAwMDAwMDAwLCJkZWxldGUiOjE4MDAwMDAwMDAwMDAsInJlYWQiOjMwMDAwMDAwMDAwMCwidXBkYXRlIjoxODAwMDAwMDAwMDAwfSwic2NoZW1hX3ZlcnNpb24iOiIyIn0=",
          "dependencies": [
            "azurerm_resource_group.rg",
            "data.azurerm_client_config.current"
          ]
        }
      ]
    },
    {
      "mode": "managed",
      "type": "azurerm_key_vault_secret",
      "name": "database-password",
      "provider": "provider[\"registry.terraform.io/hashicorp/azurerm\"]",
      "instances": [
        {
          "schema_version": 0,
          "attributes": {
            "content_type": "",
            "expiration_date": null,
            "id": "https://demokv01095.vault.azure.net/secrets/DatabasePassword/33afdb53b78749f2ab5594b624e021cf",
            "key_vault_id": "/subscriptions/2bbaa079-836f-4dfd-8368-31ced5ba8be3/resourceGroups/kv_rbac_terraform_rg/providers/Microsoft.KeyVault/vaults/demokv01095",
            "name": "DatabasePassword",
            "not_before_date": null,
            "tags": null,
            "timeouts": null,
            "value": "@Aa123456789!",
            "version": "33afdb53b78749f2ab5594b624e021cf",
            "versionless_id": "https://demokv01095.vault.azure.net/secrets/DatabasePassword"
          },
          "sensitive_attributes": [
            [
              {
                "type": "get_attr",
                "value": "value"
              }
            ]
          ],
          "private": "eyJlMmJmYjczMC1lY2FhLTExZTYtOGY4OC0zNDM2M2JjN2M0YzAiOnsiY3JlYXRlIjoxODAwMDAwMDAwMDAwLCJkZWxldGUiOjE4MDAwMDAwMDAwMDAsInJlYWQiOjMwMDAwMDAwMDAwMCwidXBkYXRlIjoxODAwMDAwMDAwMDAwfX0=",
          "dependencies": [
            "azurerm_key_vault.keyvault",
            "azurerm_resource_group.rg",
            "azurerm_role_assignment.role-secret-officer",
            "data.azurerm_client_config.current"
          ]
        }
      ]
    },
    {
      "mode": "managed",
      "type": "azurerm_resource_group",
      "name": "rg",
      "provider": "provider[\"registry.terraform.io/hashicorp/azurerm\"]",
      "instances": [
        {
          "schema_version": 0,
          "attributes": {
            "id": "/subscriptions/2bbaa079-836f-4dfd-8368-31ced5ba8be3/resourceGroups/kv_rbac_terraform_rg",
            "location": "westeurope",
            "name": "kv_rbac_terraform_rg",
            "tags": null,
            "timeouts": null
          },
          "sensitive_attributes": [],
          "private": "eyJlMmJmYjczMC1lY2FhLTExZTYtOGY4OC0zNDM2M2JjN2M0YzAiOnsiY3JlYXRlIjo1NDAwMDAwMDAwMDAwLCJkZWxldGUiOjU0MDAwMDAwMDAwMDAsInJlYWQiOjMwMDAwMDAwMDAwMCwidXBkYXRlIjo1NDAwMDAwMDAwMDAwfX0="
        }
      ]
    },
    {
      "mode": "managed",
      "type": "azurerm_role_assignment",
      "name": "role-secret-officer",
      "provider": "provider[\"registry.terraform.io/hashicorp/azurerm\"]",
      "instances": [
        {
          "schema_version": 0,
          "attributes": {
            "condition": "",
            "condition_version": "",
            "description": "",
            "id": "/subscriptions/2bbaa079-836f-4dfd-8368-31ced5ba8be3/resourceGroups/kv_rbac_terraform_rg/providers/Microsoft.KeyVault/vaults/demokv01095/providers/Microsoft.Authorization/roleAssignments/c0cc305a-e024-fdeb-0fd9-0b4dd450c79d",
            "name": "c0cc305a-e024-fdeb-0fd9-0b4dd450c79d",
            "principal_id": "03e078fe-82ec-416f-87df-adf1570dcab5",
            "principal_type": "User",
            "role_definition_id": "/subscriptions/2bbaa079-836f-4dfd-8368-31ced5ba8be3/providers/Microsoft.Authorization/roleDefinitions/b86a8fe4-44ce-4948-aee5-eccb2c155cd7",
            "role_definition_name": "Key Vault Secrets Officer",
            "scope": "/subscriptions/2bbaa079-836f-4dfd-8368-31ced5ba8be3/resourceGroups/kv_rbac_terraform_rg/providers/Microsoft.KeyVault/vaults/demokv01095",
            "skip_service_principal_aad_check": null,
            "timeouts": null
          },
          "sensitive_attributes": [],
          "private": "eyJlMmJmYjczMC1lY2FhLTExZTYtOGY4OC0zNDM2M2JjN2M0YzAiOnsiY3JlYXRlIjoxODAwMDAwMDAwMDAwLCJkZWxldGUiOjE4MDAwMDAwMDAwMDAsInJlYWQiOjMwMDAwMDAwMDAwMCwidXBkYXRlIjoxODAwMDAwMDAwMDAwfX0=",
          "dependencies": [
            "azurerm_key_vault.keyvault",
            "azurerm_resource_group.rg",
            "data.azurerm_client_config.current"
          ]
        }
      ]
    },
    {
      "mode": "managed",
      "type": "azurerm_role_assignment",
      "name": "role-secret-user",
      "provider": "provider[\"registry.terraform.io/hashicorp/azurerm\"]",
      "instances": [
        {
          "schema_version": 0,
          "attributes": {
            "condition": "",
            "condition_version": "",
            "description": "",
            "id": "/subscriptions/2bbaa079-836f-4dfd-8368-31ced5ba8be3/resourceGroups/kv_rbac_terraform_rg/providers/Microsoft.KeyVault/vaults/demokv01095/secrets/DatabasePassword/providers/Microsoft.Authorization/roleAssignments/91558e6f-1ab3-68a0-ece8-90c2ca5d85ed",
            "name": "91558e6f-1ab3-68a0-ece8-90c2ca5d85ed",
            "principal_id": "03e078fe-82ec-416f-87df-adf1570dcab5",
            "principal_type": "User",
            "role_definition_id": "/subscriptions/2bbaa079-836f-4dfd-8368-31ced5ba8be3/providers/Microsoft.Authorization/roleDefinitions/4633458b-17de-408a-b874-0445c86b69e6",
            "role_definition_name": "Key Vault Secrets User",
            "scope": "/subscriptions/2bbaa079-836f-4dfd-8368-31ced5ba8be3/resourceGroups/kv_rbac_terraform_rg/providers/Microsoft.KeyVault/vaults/demokv01095/secrets/DatabasePassword",
            "skip_service_principal_aad_check": null,
            "timeouts": null
          },
          "sensitive_attributes": [],
          "private": "eyJlMmJmYjczMC1lY2FhLTExZTYtOGY4OC0zNDM2M2JjN2M0YzAiOnsiY3JlYXRlIjoxODAwMDAwMDAwMDAwLCJkZWxldGUiOjE4MDAwMDAwMDAwMDAsInJlYWQiOjMwMDAwMDAwMDAwMCwidXBkYXRlIjoxODAwMDAwMDAwMDAwfX0=",
          "dependencies": [
            "azurerm_key_vault.keyvault",
            "azurerm_key_vault_secret.database-password",
            "azurerm_resource_group.rg",
            "azurerm_role_assignment.role-secret-officer",
            "data.azurerm_client_config.current"
          ]
        }
      ]
    }
  ]
}
